// !$*UTF8*$!
{
	archiveVersion = 1;
	classes = {
	};
	objectVersion = 46;
	objects = {

/* Begin PBXBuildFile section */
		754A0BAC1DFDB19D00A7C1ED /* main.m in Sources */ = {isa = PBXBuildFile; fileRef = 754A0BAB1DFDB19D00A7C1ED /* main.m */; };
		754A0BAF1DFDB19D00A7C1ED /* AppDelegate.m in Sources */ = {isa = PBXBuildFile; fileRef = 754A0BAE1DFDB19D00A7C1ED /* AppDelegate.m */; };
		754A0BB21DFDB19D00A7C1ED /* ViewController.m in Sources */ = {isa = PBXBuildFile; fileRef = 754A0BB11DFDB19D00A7C1ED /* ViewController.m */; };
		754A0BB51DFDB19D00A7C1ED /* Main.storyboard in Resources */ = {isa = PBXBuildFile; fileRef = 754A0BB31DFDB19D00A7C1ED /* Main.storyboard */; };
		754A0BB71DFDB19D00A7C1ED /* Assets.xcassets in Resources */ = {isa = PBXBuildFile; fileRef = 754A0BB61DFDB19D00A7C1ED /* Assets.xcassets */; };
		754A0BBA1DFDB19D00A7C1ED /* LaunchScreen.storyboard in Resources */ = {isa = PBXBuildFile; fileRef = 754A0BB81DFDB19D00A7C1ED /* LaunchScreen.storyboard */; };
		754A0BC51DFDB19D00A7C1ED /* socketClientTests.m in Sources */ = {isa = PBXBuildFile; fileRef = 754A0BC41DFDB19D00A7C1ED /* socketClientTests.m */; };
		754A0BD01DFDB19D00A7C1ED /* socketClientUITests.m in Sources */ = {isa = PBXBuildFile; fileRef = 754A0BCF1DFDB19D00A7C1ED /* socketClientUITests.m */; };
/* End PBXBuildFile section */

/* Begin PBXContainerItemProxy section */
		754A0BC11DFDB19D00A7C1ED /* PBXContainerItemProxy */ = {
			isa = PBXContainerItemProxy;
			containerPortal = 754A0B9F1DFDB19D00A7C1ED /* Project object */;
			proxyType = 1;
			remoteGlobalIDString = 754A0BA61DFDB19D00A7C1ED;
			remoteInfo = socketClient;
		};
		754A0BCC1DFDB19D00A7C1ED /* PBXContainerItemProxy */ = {
			isa = PBXContainerItemProxy;
			containerPortal = 754A0B9F1DFDB19D00A7C1ED /* Project object */;
			proxyType = 1;
			remoteGlobalIDString = 754A0BA61DFDB19D00A7C1ED;
			remoteInfo = socketClient;
		};
/* End PBXContainerItemProxy section */

/* Begin PBXFileReference section */
		754A0BA71DFDB19D00A7C1ED /* socketClient.app */ = {isa = PBXFileReference; explicitFileType = wrapper.application; includeInIndex = 0; path = socketClient.app; sourceTree = BUILT_PRODUCTS_DIR; };
		754A0BAB1DFDB19D00A7C1ED /* main.m */ = {isa = PBXFileReference; lastKnownFileType = sourcecode.c.objc; path = main.m; sourceTree = "<group>"; };
		754A0BAD1DFDB19D00A7C1ED /* AppDelegate.h */ = {isa = PBXFileReference; lastKnownFileType = sourcecode.c.h; path = AppDelegate.h; sourceTree = "<group>"; };
		754A0BAE1DFDB19D00A7C1ED /* AppDelegate.m */ = {isa = PBXFileReference; lastKnownFileType = sourcecode.c.objc; path = AppDelegate.m; sourceTree = "<group>"; };
		754A0BB01DFDB19D00A7C1ED /* ViewController.h */ = {isa = PBXFileReference; lastKnownFileType = sourcecode.c.h; path = ViewController.h; sourceTree = "<group>"; };
		754A0BB11DFDB19D00A7C1ED /* ViewController.m */ = {isa = PBXFileReference; lastKnownFileType = sourcecode.c.objc; path = ViewController.m; sourceTree = "<group>"; };
		754A0BB41DFDB19D00A7C1ED /* Base */ = {isa = PBXFileReference; lastKnownFileType = file.storyboard; name = Base; path = Base.lproj/Main.storyboard; sourceTree = "<group>"; };
		754A0BB61DFDB19D00A7C1ED /* Assets.xcassets */ = {isa = PBXFileReference; lastKnownFileType = folder.assetcatalog; path = Assets.xcassets; sourceTree = "<group>"; };
		754A0BB91DFDB19D00A7C1ED /* Base */ = {isa = PBXFileReference; lastKnownFileType = file.storyboard; name = Base; path = Base.lproj/LaunchScreen.storyboard; sourceTree = "<group>"; };
		754A0BBB1DFDB19D00A7C1ED /* Info.plist */ = {isa = PBXFileReference; lastKnownFileType = text.plist.xml; path = Info.plist; sourceTree = "<group>"; };
		754A0BC01DFDB19D00A7C1ED /* socketClientTests.xctest */ = {isa = PBXFileReference; explicitFileType = wrapper.cfbundle; includeInIndex = 0; path = socketClientTests.xctest; sourceTree = BUILT_PRODUCTS_DIR; };
		754A0BC41DFDB19D00A7C1ED /* socketClientTests.m */ = {isa = PBXFileReference; lastKnownFileType = sourcecode.c.objc; path = socketClientTests.m; sourceTree = "<group>"; };
		754A0BC61DFDB19D00A7C1ED /* Info.plist */ = {isa = PBXFileReference; lastKnownFileType = text.plist.xml; path = Info.plist; sourceTree = "<group>"; };
		754A0BCB1DFDB19D00A7C1ED /* socketClientUITests.xctest */ = {isa = PBXFileReference; explicitFileType = wrapper.cfbundle; includeInIndex = 0; path = socketClientUITests.xctest; sourceTree = BUILT_PRODUCTS_DIR; };
		754A0BCF1DFDB19D00A7C1ED /* socketClientUITests.m */ = {isa = PBXFileReference; lastKnownFileType = sourcecode.c.objc; path = socketClientUITests.m; sourceTree = "<group>"; };
		754A0BD11DFDB19D00A7C1ED /* Info.plist */ = {isa = PBXFileReference; lastKnownFileType = text.plist.xml; path = Info.plist; sourceTree = "<group>"; };
/* End PBXFileReference section */

/* Begin PBXFrameworksBuildPhase section */
		754A0BA41DFDB19D00A7C1ED /* Frameworks */ = {
			isa = PBXFrameworksBuildPhase;
			buildActionMask = 2147483647;
			files = (
			);
			runOnlyForDeploymentPostprocessing = 0;
		};
		754A0BBD1DFDB19D00A7C1ED /* Frameworks */ = {
			isa = PBXFrameworksBuildPhase;
			buildActionMask = 2147483647;
			files = (
			);
			runOnlyForDeploymentPostprocessing = 0;
		};
		754A0BC81DFDB19D00A7C1ED /* Frameworks */ = {
			isa = PBXFrameworksBuildPhase;
			buildActionMask = 2147483647;
			files = (
			);
			runOnlyForDeploymentPostprocessing = 0;
		};
/* End PBXFrameworksBuildPhase section */

/* Begin PBXGroup section */
		754A0B9E1DFDB19D00A7C1ED = {
			isa = PBXGroup;
			children = (
				754A0BA91DFDB19D00A7C1ED /* socketClient */,
				754A0BC31DFDB19D00A7C1ED /* socketClientTests */,
				754A0BCE1DFDB19D00A7C1ED /* socketClientUITests */,
				754A0BA81DFDB19D00A7C1ED /* Products */,
			);
			sourceTree = "<group>";
		};
		754A0BA81DFDB19D00A7C1ED /* Products */ = {
			isa = PBXGroup;
			children = (
				754A0BA71DFDB19D00A7C1ED /* socketClient.app */,
				754A0BC01DFDB19D00A7C1ED /* socketClientTests.xctest */,
				754A0BCB1DFDB19D00A7C1ED /* socketClientUITests.xctest */,
			);
			name = Products;
			sourceTree = "<group>";
		};
		754A0BA91DFDB19D00A7C1ED /* socketClient */ = {
			isa = PBXGroup;
			children = (
				754A0BAD1DFDB19D00A7C1ED /* AppDelegate.h */,
				754A0BAE1DFDB19D00A7C1ED /* AppDelegate.m */,
				754A0BB01DFDB19D00A7C1ED /* ViewController.h */,
				754A0BB11DFDB19D00A7C1ED /* ViewController.m */,
				754A0BB31DFDB19D00A7C1ED /* Main.storyboard */,
				754A0BB61DFDB19D00A7C1ED /* Assets.xcassets */,
				754A0BB81DFDB19D00A7C1ED /* LaunchScreen.storyboard */,
				754A0BBB1DFDB19D00A7C1ED /* Info.plist */,
				754A0BAA1DFDB19D00A7C1ED /* Supporting Files */,
			);
			path = socketClient;
			sourceTree = "<group>";
		};
		754A0BAA1DFDB19D00A7C1ED /* Supporting Files */ = {
			isa = PBXGroup;
			children = (
				754A0BAB1DFDB19D00A7C1ED /* main.m */,
			);
			name = "Supporting Files";
			sourceTree = "<group>";
		};
		754A0BC31DFDB19D00A7C1ED /* socketClientTests */ = {
			isa = PBXGroup;
			children = (
				754A0BC41DFDB19D00A7C1ED /* socketClientTests.m */,
				754A0BC61DFDB19D00A7C1ED /* Info.plist */,
			);
			path = socketClientTests;
			sourceTree = "<group>";
		};
		754A0BCE1DFDB19D00A7C1ED /* socketClientUITests */ = {
			isa = PBXGroup;
			children = (
				754A0BCF1DFDB19D00A7C1ED /* socketClientUITests.m */,
				754A0BD11DFDB19D00A7C1ED /* Info.plist */,
			);
			path = socketClientUITests;
			sourceTree = "<group>";
		};
/* End PBXGroup section */

/* Begin PBXNativeTarget section */
		754A0BA61DFDB19D00A7C1ED /* socketClient */ = {
			isa = PBXNativeTarget;
			buildConfigurationList = 754A0BD41DFDB19D00A7C1ED /* Build configuration list for PBXNativeTarget "socketClient" */;
			buildPhases = (
				754A0BA31DFDB19D00A7C1ED /* Sources */,
				754A0BA41DFDB19D00A7C1ED /* Frameworks */,
				754A0BA51DFDB19D00A7C1ED /* Resources */,
			);
			buildRules = (
			);
			dependencies = (
			);
			name = socketClient;
			productName = socketClient;
			productReference = 754A0BA71DFDB19D00A7C1ED /* socketClient.app */;
			productType = "com.apple.product-type.application";
		};
		754A0BBF1DFDB19D00A7C1ED /* socketClientTests */ = {
			isa = PBXNativeTarget;
			buildConfigurationList = 754A0BD71DFDB19D00A7C1ED /* Build configuration list for PBXNativeTarget "socketClientTests" */;
			buildPhases = (
				754A0BBC1DFDB19D00A7C1ED /* Sources */,
				754A0BBD1DFDB19D00A7C1ED /* Frameworks */,
				754A0BBE1DFDB19D00A7C1ED /* Resources */,
			);
			buildRules = (
			);
			dependencies = (
				754A0BC21DFDB19D00A7C1ED /* PBXTargetDependency */,
			);
			name = socketClientTests;
			productName = socketClientTests;
			productReference = 754A0BC01DFDB19D00A7C1ED /* socketClientTests.xctest */;
			productType = "com.apple.product-type.bundle.unit-test";
		};
		754A0BCA1DFDB19D00A7C1ED /* socketClientUITests */ = {
			isa = PBXNativeTarget;
			buildConfigurationList = 754A0BDA1DFDB19D00A7C1ED /* Build configuration list for PBXNativeTarget "socketClientUITests" */;
			buildPhases = (
				754A0BC71DFDB19D00A7C1ED /* Sources */,
				754A0BC81DFDB19D00A7C1ED /* Frameworks */,
				754A0BC91DFDB19D00A7C1ED /* Resources */,
			);
			buildRules = (
			);
			dependencies = (
				754A0BCD1DFDB19D00A7C1ED /* PBXTargetDependency */,
			);
			name = socketClientUITests;
			productName = socketClientUITests;
			productReference = 754A0BCB1DFDB19D00A7C1ED /* socketClientUITests.xctest */;
			productType = "com.apple.product-type.bundle.ui-testing";
		};
/* End PBXNativeTarget section */

/* Begin PBXProject section */
		754A0B9F1DFDB19D00A7C1ED /* Project object */ = {
			isa = PBXProject;
			attributes = {
				LastUpgradeCheck = 0810;
				ORGANIZATIONNAME = vd;
				TargetAttributes = {
					754A0BA61DFDB19D00A7C1ED = {
						CreatedOnToolsVersion = 8.1;
						DevelopmentTeam = R6B5BG54J2;
						ProvisioningStyle = Automatic;
					};
					754A0BBF1DFDB19D00A7C1ED = {
						CreatedOnToolsVersion = 8.1;
						DevelopmentTeam = 4D56X784AS;
						ProvisioningStyle = Automatic;
						TestTargetID = 754A0BA61DFDB19D00A7C1ED;
					};
					754A0BCA1DFDB19D00A7C1ED = {
						CreatedOnToolsVersion = 8.1;
						DevelopmentTeam = 4D56X784AS;
						ProvisioningStyle = Automatic;
						TestTargetID = 754A0BA61DFDB19D00A7C1ED;
					};
				};
			};
			buildConfigurationList = 754A0BA21DFDB19D00A7C1ED /* Build configuration list for PBXProject "socketClient" */;
			compatibilityVersion = "Xcode 3.2";
			developmentRegion = English;
			hasScannedForEncodings = 0;
			knownRegions = (
				en,
				Base,
			);
			mainGroup = 754A0B9E1DFDB19D00A7C1ED;
			productRefGroup = 754A0BA81DFDB19D00A7C1ED /* Products */;
			projectDirPath = "";
			projectRoot = "";
			targets = (
				754A0BA61DFDB19D00A7C1ED /* socketClient */,
				754A0BBF1DFDB19D00A7C1ED /* socketClientTests */,
				754A0BCA1DFDB19D00A7C1ED /* socketClientUITests */,
			);
		};
/* End PBXProject section */

/* Begin PBXResourcesBuildPhase section */
		754A0BA51DFDB19D00A7C1ED /* Resources */ = {
			isa = PBXResourcesBuildPhase;
			buildActionMask = 2147483647;
			files = (
				754A0BBA1DFDB19D00A7C1ED /* LaunchScreen.storyboard in Resources */,
				754A0BB71DFDB19D00A7C1ED /* Assets.xcassets in Resources */,
				754A0BB51DFDB19D00A7C1ED /* Main.storyboard in Resources */,
			);
			runOnlyForDeploymentPostprocessing = 0;
		};
		754A0BBE1DFDB19D00A7C1ED /* Resources */ = {
			isa = PBXResourcesBuildPhase;
			buildActionMask = 2147483647;
			files = (
			);
			runOnlyForDeploymentPostprocessing = 0;
		};
		754A0BC91DFDB19D00A7C1ED /* Resources */ = {
			isa = PBXResourcesBuildPhase;
			buildActionMask = 2147483647;
			files = (
			);
			runOnlyForDeploymentPostprocessing = 0;
		};
/* End PBXResourcesBuildPhase section */

/* Begin PBXSourcesBuildPhase section */
		754A0BA31DFDB19D00A7C1ED /* Sources */ = {
			isa = PBXSourcesBuildPhase;
			buildActionMask = 2147483647;
			files = (
				754A0BB21DFDB19D00A7C1ED /* ViewController.m in Sources */,
				754A0BAF1DFDB19D00A7C1ED /* AppDelegate.m in Sources */,
				754A0BAC1DFDB19D00A7C1ED /* main.m in Sources */,
			);
			runOnlyForDeploymentPostprocessing = 0;
		};
		754A0BBC1DFDB19D00A7C1ED /* Sources */ = {
			isa = PBXSourcesBuildPhase;
			buildActionMask = 2147483647;
			files = (
				754A0BC51DFDB19D00A7C1ED /* socketClientTests.m in Sources */,
			);
			runOnlyForDeploymentPostprocessing = 0;
		};
		754A0BC71DFDB19D00A7C1ED /* Sources */ = {
			isa = PBXSourcesBuildPhase;
			buildActionMask = 2147483647;
			files = (
				754A0BD01DFDB19D00A7C1ED /* socketClientUITests.m in Sources */,
			);
			runOnlyForDeploymentPostprocessing = 0;
		};
/* End PBXSourcesBuildPhase section */

/* Begin PBXTargetDependency section */
		754A0BC21DFDB19D00A7C1ED /* PBXTargetDependency */ = {
			isa = PBXTargetDependency;
			target = 754A0BA61DFDB19D00A7C1ED /* socketClient */;
			targetProxy = 754A0BC11DFDB19D00A7C1ED /* PBXContainerItemProxy */;
		};
		754A0BCD1DFDB19D00A7C1ED /* PBXTargetDependency */ = {
			isa = PBXTargetDependency;
			target = 754A0BA61DFDB19D00A7C1ED /* socketClient */;
			targetProxy = 754A0BCC1DFDB19D00A7C1ED /* PBXContainerItemProxy */;
		};
/* End PBXTargetDependency section */

/* Begin PBXVariantGroup section */
		754A0BB31DFDB19D00A7C1ED /* Main.storyboard */ = {
			isa = PBXVariantGroup;
			children = (
				754A0BB41DFDB19D00A7C1ED /* Base */,
			);
			name = Main.storyboard;
			sourceTree = "<group>";
		};
		754A0BB81DFDB19D00A7C1ED /* LaunchScreen.storyboard */ = {
			isa = PBXVariantGroup;
			children = (
				754A0BB91DFDB19D00A7C1ED /* Base */,
			);
			name = LaunchScreen.storyboard;
			sourceTree = "<group>";
		};
/* End PBXVariantGroup section */

/* Begin XCBuildConfiguration section */
		754A0BD21DFDB19D00A7C1ED /* Debug */ = {
			isa = XCBuildConfiguration;
			buildSettings = {
				ALWAYS_SEARCH_USER_PATHS = NO;
				CLANG_ANALYZER_NONNULL = YES;
				CLANG_CXX_LANGUAGE_STANDARD = "gnu++0x";
				CLANG_CXX_LIBRARY = "libc++";
				CLANG_ENABLE_MODULES = YES;
				CLANG_ENABLE_OBJC_ARC = YES;
				CLANG_WARN_BOOL_CONVERSION = YES;
				CLANG_WARN_CONSTANT_CONVERSION = YES;
				CLANG_WARN_DIRECT_OBJC_ISA_USAGE = YES_ERROR;
				CLANG_WARN_DOCUMENTATION_COMMENTS = YES;
				CLANG_WARN_EMPTY_BODY = YES;
				CLANG_WARN_ENUM_CONVERSION = YES;
				CLANG_WARN_INFINITE_RECURSION = YES;
				CLANG_WARN_INT_CONVERSION = YES;
				CLANG_WARN_OBJC_ROOT_CLASS = YES_ERROR;
				CLANG_WARN_SUSPICIOUS_MOVES = YES;
				CLANG_WARN_UNREACHABLE_CODE = YES;
				CLANG_WARN__DUPLICATE_METHOD_MATCH = YES;
				"CODE_SIGN_IDENTITY[sdk=iphoneos*]" = "iPhone Developer";
				COPY_PHASE_STRIP = NO;
				DEBUG_INFORMATION_FORMAT = dwarf;
				ENABLE_STRICT_OBJC_MSGSEND = YES;
				ENABLE_TESTABILITY = YES;
				GCC_C_LANGUAGE_STANDARD = gnu99;
				GCC_DYNAMIC_NO_PIC = NO;
				GCC_NO_COMMON_BLOCKS = YES;
				GCC_OPTIMIZATION_LEVEL = 0;
				GCC_PREPROCESSOR_DEFINITIONS = (
					"DEBUG=1",
					"$(inherited)",
				);
				GCC_WARN_64_TO_32_BIT_CONVERSION = YES;
				GCC_WARN_ABOUT_RETURN_TYPE = YES_ERROR;
				GCC_WARN_UNDECLARED_SELECTOR = YES;
				GCC_WARN_UNINITIALIZED_AUTOS = YES_AGGRESSIVE;
				GCC_WARN_UNUSED_FUNCTION = YES;
				GCC_WARN_UNUSED_VARIABLE = YES;
				IPHONEOS_DEPLOYMENT_TARGET = 10.1;
				MTL_ENABLE_DEBUG_INFO = YES;
				ONLY_ACTIVE_ARCH = YES;
				SDKROOT = iphoneos;
			};
			name = Debug;
		};
		754A0BD31DFDB19D00A7C1ED /* Release */ = {
			isa = XCBuildConfiguration;
			buildSettings = {
				ALWAYS_SEARCH_USER_PATHS = NO;
				CLANG_ANALYZER_NONNULL = YES;
				CLANG_CXX_LANGUAGE_STANDARD = "gnu++0x";
				CLANG_CXX_LIBRARY = "libc++";
				CLANG_ENABLE_MODULES = YES;
				CLANG_ENABLE_OBJC_ARC = YES;
				CLANG_WARN_BOOL_CONVERSION = YES;
				CLANG_WARN_CONSTANT_CONVERSION = YES;
				CLANG_WARN_DIRECT_OBJC_ISA_USAGE = YES_ERROR;
				CLANG_WARN_DOCUMENTATION_COMMENTS = YES;
				CLANG_WARN_EMPTY_BODY = YES;
				CLANG_WARN_ENUM_CONVERSION = YES;
				CLANG_WARN_INFINITE_RECURSION = YES;
				CLANG_WARN_INT_CONVERSION = YES;
				CLANG_WARN_OBJC_ROOT_CLASS = YES_ERROR;
				CLANG_WARN_SUSPICIOUS_MOVES = YES;
				CLANG_WARN_UNREACHABLE_CODE = YES;
				CLANG_WARN__DUPLICATE_METHOD_MATCH = YES;
				"CODE_SIGN_IDENTITY[sdk=iphoneos*]" = "iPhone Developer";
				COPY_PHASE_STRIP = NO;
				DEBUG_INFORMATION_FORMAT = "dwarf-with-dsym";
				ENABLE_NS_ASSERTIONS = NO;
				ENABLE_STRICT_OBJC_MSGSEND = YES;
				GCC_C_LANGUAGE_STANDARD = gnu99;
				GCC_NO_COMMON_BLOCKS = YES;
				GCC_WARN_64_TO_32_BIT_CONVERSION = YES;
				GCC_WARN_ABOUT_RETURN_TYPE = YES_ERROR;
				GCC_WARN_UNDECLARED_SELECTOR = YES;
				GCC_WARN_UNINITIALIZED_AUTOS = YES_AGGRESSIVE;
				GCC_WARN_UNUSED_FUNCTION = YES;
				GCC_WARN_UNUSED_VARIABLE = YES;
				IPHONEOS_DEPLOYMENT_TARGET = 10.1;
				MTL_ENABLE_DEBUG_INFO = NO;
				SDKROOT = iphoneos;
				VALIDATE_PRODUCT = YES;
			};
			name = Release;
		};
		754A0BD51DFDB19D00A7C1ED /* Debug */ = {
			isa = XCBuildConfiguration;
			buildSettings = {
				ASSETCATALOG_COMPILER_APPICON_NAME = AppIcon;
				DEVELOPMENT_TEAM = R6B5BG54J2;
				INFOPLIST_FILE = socketClient/Info.plist;
				IPHONEOS_DEPLOYMENT_TARGET = 8.0;
				LD_RUNPATH_SEARCH_PATHS = "$(inherited) @executable_path/Frameworks";
				PRODUCT_BUNDLE_IDENTIFIER = com.popoteam.zhanggeng;
				PRODUCT_NAME = "$(TARGET_NAME)";
			};
			name = Debug;
		};
		754A0BD61DFDB19D00A7C1ED /* Release */ = {
			isa = XCBuildConfiguration;
			buildSettings = {
				ASSETCATALOG_COMPILER_APPICON_NAME = AppIcon;
				DEVELOPMENT_TEAM = R6B5BG54J2;
				INFOPLIST_FILE = socketClient/Info.plist;
				IPHONEOS_DEPLOYMENT_TARGET = 8.0;
				LD_RUNPATH_SEARCH_PATHS = "$(inherited) @executable_path/Frameworks";
				PRODUCT_BUNDLE_IDENTIFIER = com.popoteam.zhanggeng;
				PRODUCT_NAME = "$(TARGET_NAME)";
			};
			name = Release;
		};
		754A0BD81DFDB19D00A7C1ED /* Debug */ = {
			isa = XCBuildConfiguration;
			buildSettings = {
				BUNDLE_LOADER = "$(TEST_HOST)";
				DEVELOPMENT_TEAM = 4D56X784AS;
				INFOPLIST_FILE = socketClientTests/Info.plist;
				LD_RUNPATH_SEARCH_PATHS = "$(inherited) @executable_path/Frameworks @loader_path/Frameworks";
				PRODUCT_BUNDLE_IDENTIFIER = com.soft.demo1.socketClientTests;
				PRODUCT_NAME = "$(TARGET_NAME)";
				TEST_HOST = "$(BUILT_PRODUCTS_DIR)/socketClient.app/socketClient";
			};
			name = Debug;
		};
		754A0BD91DFDB19D00A7C1ED /* Release */ = {
			isa = XCBuildConfiguration;
			buildSettings = {
				BUNDLE_LOADER = "$(TEST_HOST)";
				DEVELOPMENT_TEAM = 4D56X784AS;
				INFOPLIST_FILE = socketClientTests/Info.plist;
				LD_RUNPATH_SEARCH_PATHS = "$(inherited) @executable_path/Frameworks @loader_path/Frameworks";
				PRODUCT_BUNDLE_IDENTIFIER = com.soft.demo1.socketClientTests;
				PRODUCT_NAME = "$(TARGET_NAME)";
				TEST_HOST = "$(BUILT_PRODUCTS_DIR)/socketClient.app/socketClient";
			};
			name = Release;
		};
		754A0BDB1DFDB19D00A7C1ED /* Debug */ = {
			isa = XCBuildConfiguration;
			buildSettings = {
				DEVELOPMENT_TEAM = 4D56X784AS;
				INFOPLIST_FILE = socketClientUITests/Info.plist;
				LD_RUNPATH_SEARCH_PATHS = "$(inherited) @executable_path/Frameworks @loader_path/Frameworks";
				PRODUCT_BUNDLE_IDENTIFIER = com.soft.demo1.socketClientUITests;
				PRODUCT_NAME = "$(TARGET_NAME)";
				TEST_TARGET_NAME = socketClient;
			};
			name = Debug;
		};
		754A0BDC1DFDB19D00A7C1ED /* Release */ = {
			isa = XCBuildConfiguration;
			buildSettings = {
				DEVELOPMENT_TEAM = 4D56X784AS;
				INFOPLIST_FILE = socketClientUITests/Info.plist;
				LD_RUNPATH_SEARCH_PATHS = "$(inherited) @executable_path/Frameworks @loader_path/Frameworks";
				PRODUCT_BUNDLE_IDENTIFIER = com.soft.demo1.socketClientUITests;
				PRODUCT_NAME = "$(TARGET_NAME)";
				TEST_TARGET_NAME = socketClient;
			};
			name = Release;
		};
/* End XCBuildConfiguration section */

/* Begin XCConfigurationList section */
		754A0BA21DFDB19D00A7C1ED /* Build configuration list for PBXProject "socketClient" */ = {
			isa = XCConfigurationList;
			buildConfigurations = (
				754A0BD21DFDB19D00A7C1ED /* Debug */,
				754A0BD31DFDB19D00A7C1ED /* Release */,
			);
			defaultConfigurationIsVisible = 0;
			defaultConfigurationName = Release;
		};
		754A0BD41DFDB19D00A7C1ED /* Build configuration list for PBXNativeTarget "socketClient" */ = {
			isa = XCConfigurationList;
			buildConfigurations = (
				754A0BD51DFDB19D00A7C1ED /* Debug */,
				754A0BD61DFDB19D00A7C1ED /* Release */,
			);
			defaultConfigurationIsVisible = 0;
		};
		754A0BD71DFDB19D00A7C1ED /* Build configuration list for PBXNativeTarget "socketClientTests" */ = {
			isa = XCConfigurationList;
			buildConfigurations = (
				754A0BD81DFDB19D00A7C1ED /* Debug */,
				754A0BD91DFDB19D00A7C1ED /* Release */,
			);
			defaultConfigurationIsVisible = 0;
		};
		754A0BDA1DFDB19D00A7C1ED /* Build configuration list for PBXNativeTarget "socketClientUITests" */ = {
			isa = XCConfigurationList;
			buildConfigurations = (
				754A0BDB1DFDB19D00A7C1ED /* Debug */,
				754A0BDC1DFDB19D00A7C1ED /* Release */,
			);
			defaultConfigurationIsVisible = 0;
		};
/* End XCConfigurationList section */
	};
	rootObject = 754A0B9F1DFDB19D00A7C1ED /* Project object */;
}
